channels:
- src:
    tag: fetch_from_github
    owner: codedownio
    repo: codedown-languages
    rev: 60492c3653e22a78a9a1315578126dbd5057d4c4
    hash: sha256-ZOT42Q5oFoiDq2hUIllxDrS01b7Gao8mu2aK03AiBDw=
    timestamp: 2026-01-30T09:35:27Z
  packages:
  - name: language-servers.spellchecker
    meta:
      name: hunspell-1.7.2
      category: Language servers
      changelog: https://github.com/hunspell/hunspell/releases/tag/v1.7.2
      description: Spell checker
      display_name: Spellchecker 0.6.2
      homepage: http://hunspell.github.io/
      icon: /nix/store/iv0l66606331c2463l17avxrk4j2wjai-pen-alt.png
      icon_monochrome: /nix/store/fgg1fxac13xjhlzzak131dgr8l76wnvb-pen-alt.svg
      language_server_names:
      - spellchecker
      main_program: hunspell
      maintainers:
      - name: Seth Flynn
        email: getchoo@tuta.io
        github: getchoo
        githubId: 48872998
        matrix: '@getchoo:matrix.org'
      - name: Ross Smyth
        github: RossSmyth
        githubId: 18294397
        matrix: '@rosssmyth:matrix.org'
  - name: shells.zsh
    meta:
      name: zsh-5.9
      description: Z shell
      display_name: ZSH 5.9
      homepage: https://www.zsh.org/
      icon: /nix/store/nzgsbafx1li5igxbs70wi1hqhk2wdhzh-zsh-color.svg
      icon_monochrome: /nix/store/pxi818izs009a3qrd0k7szw7pkchq3h6-zsh-monochrome.svg
      main_program: zsh-with-theme
      maintainers:
      - name: Pascal Wittmann
        email: mail@pascal-wittmann.de
        github: pSub
        githubId: 83842
      - name: Artturi N
        email: artturin@artturin.com
        github: Artturin
        githubId: 56650223
        matrix: '@artturin:matrix.org'
      version: '5.9'
- src:
    tag: fetch_from_github
    owner: NixOS
    repo: nixpkgs
    rev: 63590ac958a8af30ebd52c7a0309d8c52a94dd77
    hash: sha256-RxSg1EioTWNpoLaykiT1UQKTo/K0PPdLqCyQgNjNqWs=
    timestamp: 2026-01-30T02:59:32Z
    ref:
      tag: branch
      contents: release-25.11
  packages: []
